
Microsoft Visual Studio Solution File, Format Version 12.00
# Visual Studio 15
VisualStudioVersion = 15.0.27703.2047
MinimumVisualStudioVersion = 10.0.40219.1
Project("{FAE04EC0-301F-11D3-BF4B-00C04F79EFBC}") = "NfcDotNet", "NfcDotNet\NfcDotNet.csproj", "{62C82373-2652-4A54-A0E5-3135EBA43EF0}"
EndProject
Global
	GlobalSection(SolutionConfigurationPlatforms) = preSolution
		Debug|Any CPU = Debug|Any CPU
		Release|Any CPU = Release|Any CPU
	EndGlobalSection
	GlobalSection(ProjectConfigurationPlatforms) = postSolution
		{62C82373-2652-4A54-A0E5-3135EBA43EF0}.Debug|Any CPU.ActiveCfg = Debug|Any CPU
		{62C82373-2652-4A54-A0E5-3135EBA43EF0}.Debug|Any CPU.Build.0 = Debug|Any CPU
		{62C82373-2652-4A54-A0E5-3135EBA43EF0}.Release|Any CPU.ActiveCfg = Release|Any CPU
		{62C82373-2652-4A54-A0E5-3135EBA43EF0}.Release|Any CPU.Build.0 = Release|Any CPU
	EndGlobalSection
	GlobalSection(SolutionProperties) = preSolution
		HideSolutionNode = FALSE
	EndGlobalSection
	GlobalSection(ExtensibilityGlobals) = postSolution
		SolutionGuid = {C5417602-9C72-45CB-8699-543C9D654CFF}
	EndGlobalSection
EndGlobal
